{
    "name": "tvt-moneyinthemist",
    "version": "0.2.2",
    "lockfileVersion": 1,
    "requires": true,
    "dependencies": {
        "@gruppe-adler/replay": {
            "version": "1.4.0",
            "resolved": "https://registry.npmjs.org/@gruppe-adler/replay/-/replay-1.4.0.tgz",
            "integrity": "sha512-mDAAAuOr6p2tmgv2hePgqRGQ3iMESKoeTFmazUXNs2WaOsWjSkC2i98cMba1o+2+124nZsm8DfxU2JkjfSE7Eg=="
        },
        "grad-fortifications": {
            "version": "0.9.3",
            "resolved": "https://registry.npmjs.org/grad-fortifications/-/grad-fortifications-0.9.3.tgz",
            "integrity": "sha512-Gb6GlUuLf7bqrVtrfVVR6/slTZqmlgD7Yviacueix7sYUZ1LfVwdCs4Xem5lwDLK2r9XHzUiVPNmxjAo0HNW/A=="
        },
        "grad-gpstracker": {
            "version": "0.2.0",
            "resolved": "https://registry.npmjs.org/grad-gpstracker/-/grad-gpstracker-0.2.0.tgz",
            "integrity": "sha1-CxKl2W123R1jg1GxhM4j/LneObw="
        },
        "grad-islandconfig": {
            "version": "0.2.5",
            "resolved": "https://registry.npmjs.org/grad-islandconfig/-/grad-islandconfig-0.2.5.tgz",
            "integrity": "sha512-UoXOqBz0FUSCU4rtL9dDG0mAzshG2ElQBM5AW3KWlT6BjDd5XeDBmFCuM8ATtPRlBScYX6WTRNN76isSzxYPmg=="
        },
        "grad-listbuymenu": {
            "version": "0.8.0",
            "resolved": "https://registry.npmjs.org/grad-listbuymenu/-/grad-listbuymenu-0.8.0.tgz",
            "integrity": "sha512-efUHB5DVhJ/1ftLXbaj8k/05GTFDcSQ9/95lUxdzc/WTovohYo+IpgDDtN8SQ3RHdEXFXH4ySGnwX3ZJ2ja23A=="
        },
        "grad-loadout": {
            "version": "4.11.3",
            "resolved": "https://registry.npmjs.org/grad-loadout/-/grad-loadout-4.11.3.tgz",
            "integrity": "sha512-tPAuNbBQunxDUZtawbX66hGRWPklsy560HFxPZfUu1I/W9Y9/EVcWSzXvvYnpCCnTxrx4LQNc+5Yp2Y7xuuwEw=="
        },
        "grad-scoreboard": {
            "version": "0.1.1",
            "resolved": "https://registry.npmjs.org/grad-scoreboard/-/grad-scoreboard-0.1.1.tgz",
            "integrity": "sha1-nrcbdKAJeQA00DV9bHWaAuqf0Kg="
        },
        "grad-tvtsettings": {
            "version": "0.0.1",
            "resolved": "https://registry.npmjs.org/grad-tvtsettings/-/grad-tvtsettings-0.0.1.tgz",
            "integrity": "sha512-+iKorWAfQtZgg10cx7M3jQBKbnIfiGIjsGfq4QTe3FxKSsv8+C7Sy0zHFMyEjjyOD3LXxHqVZejBmrUvtb+5sQ=="
        },
        "grad-winratetracker": {
            "version": "0.0.2",
            "resolved": "https://registry.npmjs.org/grad-winratetracker/-/grad-winratetracker-0.0.2.tgz",
            "integrity": "sha1-PnqSznWHh6Xpv44/v0bnWlYIFDE="
        }
    }
}
